
Microsoft Visual Studio Solution File, Format Version 12.00
# Visual Studio Version 17
VisualStudioVersion = 17.6.33815.320
MinimumVisualStudioVersion = 10.0.40219.1
Project("{9A19103F-16F7-4668-BE54-9A1E7A4F7556}") = "RabbitMQHelper", "RabbitMQHelper\RabbitMQHelper.csproj", "{9811A6E0-5AD2-4077-8657-DFFFE24ADD8D}"
EndProject
Project("{E53339B2-1760-4266-BCC7-CA923CBCF16C}") = "docker-compose", "docker-compose.dcproj", "{EF59C3A7-BC11-4AC5-B237-ADC6B6A4508A}"
EndProject
Global
	GlobalSection(SolutionConfigurationPlatforms) = preSolution
		Debug|Any CPU = Debug|Any CPU
		Release|Any CPU = Release|Any CPU
	EndGlobalSection
	GlobalSection(ProjectConfigurationPlatforms) = postSolution
		{9811A6E0-5AD2-4077-8657-DFFFE24ADD8D}.Debug|Any CPU.ActiveCfg = Debug|Any CPU
		{9811A6E0-5AD2-4077-8657-DFFFE24ADD8D}.Debug|Any CPU.Build.0 = Debug|Any CPU
		{9811A6E0-5AD2-4077-8657-DFFFE24ADD8D}.Release|Any CPU.ActiveCfg = Release|Any CPU
		{9811A6E0-5AD2-4077-8657-DFFFE24ADD8D}.Release|Any CPU.Build.0 = Release|Any CPU
		{EF59C3A7-BC11-4AC5-B237-ADC6B6A4508A}.Debug|Any CPU.ActiveCfg = Debug|Any CPU
		{EF59C3A7-BC11-4AC5-B237-ADC6B6A4508A}.Debug|Any CPU.Build.0 = Debug|Any CPU
		{EF59C3A7-BC11-4AC5-B237-ADC6B6A4508A}.Release|Any CPU.ActiveCfg = Release|Any CPU
		{EF59C3A7-BC11-4AC5-B237-ADC6B6A4508A}.Release|Any CPU.Build.0 = Release|Any CPU
	EndGlobalSection
	GlobalSection(SolutionProperties) = preSolution
		HideSolutionNode = FALSE
	EndGlobalSection
	GlobalSection(ExtensibilityGlobals) = postSolution
		SolutionGuid = {42F427B2-7FCA-4976-9215-A201141749F3}
	EndGlobalSection
EndGlobal
